
Microsoft Visual Studio Solution File, Format Version 12.00
# Visual Studio Version 16
VisualStudioVersion = 16.0.30517.126
MinimumVisualStudioVersion = 10.0.40219.1
Project("{FAE04EC0-301F-11D3-BF4B-00C04F79EFBC}") = "Interprocomm", "Interprocomm.csproj", "{9DECF324-1866-445C-97E5-EF4CAEF74D38}"
EndProject
Project("{FAE04EC0-301F-11D3-BF4B-00C04F79EFBC}") = "tests", "..\tests\tests.csproj", "{D21775F9-B677-4EFB-8350-912A8BC0C7C8}"
	ProjectSection(ProjectDependencies) = postProject
		{9DECF324-1866-445C-97E5-EF4CAEF74D38} = {9DECF324-1866-445C-97E5-EF4CAEF74D38}
	EndProjectSection
EndProject
Global
	GlobalSection(SolutionConfigurationPlatforms) = preSolution
		Debug|Any CPU = Debug|Any CPU
		Release|Any CPU = Release|Any CPU
	EndGlobalSection
	GlobalSection(ProjectConfigurationPlatforms) = postSolution
		{9DECF324-1866-445C-97E5-EF4CAEF74D38}.Debug|Any CPU.ActiveCfg = Debug|Any CPU
		{9DECF324-1866-445C-97E5-EF4CAEF74D38}.Debug|Any CPU.Build.0 = Debug|Any CPU
		{9DECF324-1866-445C-97E5-EF4CAEF74D38}.Release|Any CPU.ActiveCfg = Release|Any CPU
		{9DECF324-1866-445C-97E5-EF4CAEF74D38}.Release|Any CPU.Build.0 = Release|Any CPU
		{D21775F9-B677-4EFB-8350-912A8BC0C7C8}.Debug|Any CPU.ActiveCfg = Debug|Any CPU
		{D21775F9-B677-4EFB-8350-912A8BC0C7C8}.Debug|Any CPU.Build.0 = Debug|Any CPU
		{D21775F9-B677-4EFB-8350-912A8BC0C7C8}.Release|Any CPU.ActiveCfg = Release|Any CPU
		{D21775F9-B677-4EFB-8350-912A8BC0C7C8}.Release|Any CPU.Build.0 = Release|Any CPU
	EndGlobalSection
	GlobalSection(SolutionProperties) = preSolution
		HideSolutionNode = FALSE
	EndGlobalSection
	GlobalSection(ExtensibilityGlobals) = postSolution
		SolutionGuid = {47B7F8ED-161B-4EA8-B9A3-BCFC0F0A9ECA}
	EndGlobalSection
EndGlobal
